// !$*UTF8*$!
{
	archiveVersion = 1;
	classes = {
	};
	objectVersion = 48;
	objects = {

/* Begin PBXBuildFile section */
		59760EAE21269CE50049704C /* 200px-Button_Icon_White.png in Resources */ = {isa = PBXBuildFile; fileRef = 59760EAD21269CE50049704C /* 200px-Button_Icon_White.png */; };
		59760EB021269CEA0049704C /* image-7.png in Resources */ = {isa = PBXBuildFile; fileRef = 59760EAF21269CEA0049704C /* image-7.png */; };
		59D6F065212533B500783650 /* AppDelegate.swift in Sources */ = {isa = PBXBuildFile; fileRef = 59D6F064212533B500783650 /* AppDelegate.swift */; };
		59D6F067212533B500783650 /* ViewController.swift in Sources */ = {isa = PBXBuildFile; fileRef = 59D6F066212533B500783650 /* ViewController.swift */; };
		59D6F06A212533B500783650 /* Main.storyboard in Resources */ = {isa = PBXBuildFile; fileRef = 59D6F068212533B500783650 /* Main.storyboard */; };
		59D6F06F212533BA00783650 /* LaunchScreen.storyboard in Resources */ = {isa = PBXBuildFile; fileRef = 59D6F06D212533BA00783650 /* LaunchScreen.storyboard */; };
		59D6F07A212533BA00783650 /* CodeCampTests.swift in Sources */ = {isa = PBXBuildFile; fileRef = 59D6F079212533BA00783650 /* CodeCampTests.swift */; };
		59D6F085212533BA00783650 /* CodeCampUITests.swift in Sources */ = {isa = PBXBuildFile; fileRef = 59D6F084212533BA00783650 /* CodeCampUITests.swift */; };
		59D6F093212534B300783650 /* page2.swift in Sources */ = {isa = PBXBuildFile; fileRef = 59D6F092212534B300783650 /* page2.swift */; };
		59F92D1721265A9300AC01A3 /* profPic3.png in Resources */ = {isa = PBXBuildFile; fileRef = 59F92D1621265A9300AC01A3 /* profPic3.png */; };
		6C1DECC7212649C4007FF3AF /* proPic2.png in Resources */ = {isa = PBXBuildFile; fileRef = 6C1DECC6212649C4007FF3AF /* proPic2.png */; };
		6C1DECD021265943007FF3AF /* instaIcon.png in Resources */ = {isa = PBXBuildFile; fileRef = 6C1DECCF21265943007FF3AF /* instaIcon.png */; };
		6C1DECD22126598E007FF3AF /* twitterIcon.png in Resources */ = {isa = PBXBuildFile; fileRef = 6C1DECD12126598E007FF3AF /* twitterIcon.png */; };
		6C1DECD4212659B7007FF3AF /* snapIcon.jpg in Resources */ = {isa = PBXBuildFile; fileRef = 6C1DECD3212659B7007FF3AF /* snapIcon.jpg */; };
/* End PBXBuildFile section */

/* Begin PBXContainerItemProxy section */
		59D6F076212533BA00783650 /* PBXContainerItemProxy */ = {
			isa = PBXContainerItemProxy;
			containerPortal = 59D6F059212533B500783650 /* Project object */;
			proxyType = 1;
			remoteGlobalIDString = 59D6F060212533B500783650;
			remoteInfo = CodeCamp;
		};
		59D6F081212533BA00783650 /* PBXContainerItemProxy */ = {
			isa = PBXContainerItemProxy;
			containerPortal = 59D6F059212533B500783650 /* Project object */;
			proxyType = 1;
			remoteGlobalIDString = 59D6F060212533B500783650;
			remoteInfo = CodeCamp;
		};
/* End PBXContainerItemProxy section */

/* Begin PBXFileReference section */
		59760EAD21269CE50049704C /* 200px-Button_Icon_White.png */ = {isa = PBXFileReference; lastKnownFileType = image.png; name = "200px-Button_Icon_White.png"; path = "../200px-Button_Icon_White.png"; sourceTree = "<group>"; };
		59760EAF21269CEA0049704C /* image-7.png */ = {isa = PBXFileReference; lastKnownFileType = image.png; name = "image-7.png"; path = "../../Downloads/image-7.png"; sourceTree = "<group>"; };
		59D6F061212533B500783650 /* CodeCamp.app */ = {isa = PBXFileReference; explicitFileType = wrapper.application; includeInIndex = 0; path = CodeCamp.app; sourceTree = BUILT_PRODUCTS_DIR; };
		59D6F064212533B500783650 /* AppDelegate.swift */ = {isa = PBXFileReference; lastKnownFileType = sourcecode.swift; path = AppDelegate.swift; sourceTree = "<group>"; };
		59D6F066212533B500783650 /* ViewController.swift */ = {isa = PBXFileReference; lastKnownFileType = sourcecode.swift; path = ViewController.swift; sourceTree = "<group>"; };
		59D6F069212533B500783650 /* Base */ = {isa = PBXFileReference; lastKnownFileType = file.storyboard; name = Base; path = Base.lproj/Main.storyboard; sourceTree = "<group>"; };
		59D6F06E212533BA00783650 /* Base */ = {isa = PBXFileReference; lastKnownFileType = file.storyboard; name = Base; path = Base.lproj/LaunchScreen.storyboard; sourceTree = "<group>"; };
		59D6F070212533BA00783650 /* Info.plist */ = {isa = PBXFileReference; lastKnownFileType = text.plist.xml; path = Info.plist; sourceTree = "<group>"; };
		59D6F075212533BA00783650 /* CodeCampTests.xctest */ = {isa = PBXFileReference; explicitFileType = wrapper.cfbundle; includeInIndex = 0; path = CodeCampTests.xctest; sourceTree = BUILT_PRODUCTS_DIR; };
		59D6F079212533BA00783650 /* CodeCampTests.swift */ = {isa = PBXFileReference; lastKnownFileType = sourcecode.swift; path = CodeCampTests.swift; sourceTree = "<group>"; };
		59D6F07B212533BA00783650 /* Info.plist */ = {isa = PBXFileReference; lastKnownFileType = text.plist.xml; path = Info.plist; sourceTree = "<group>"; };
		59D6F080212533BA00783650 /* CodeCampUITests.xctest */ = {isa = PBXFileReference; explicitFileType = wrapper.cfbundle; includeInIndex = 0; path = CodeCampUITests.xctest; sourceTree = BUILT_PRODUCTS_DIR; };
		59D6F084212533BA00783650 /* CodeCampUITests.swift */ = {isa = PBXFileReference; lastKnownFileType = sourcecode.swift; path = CodeCampUITests.swift; sourceTree = "<group>"; };
		59D6F086212533BA00783650 /* Info.plist */ = {isa = PBXFileReference; lastKnownFileType = text.plist.xml; path = Info.plist; sourceTree = "<group>"; };
		59D6F092212534B300783650 /* page2.swift */ = {isa = PBXFileReference; lastKnownFileType = sourcecode.swift; path = page2.swift; sourceTree = "<group>"; };
		59F92D1621265A9300AC01A3 /* profPic3.png */ = {isa = PBXFileReference; lastKnownFileType = image.png; name = profPic3.png; path = ../../Documents/profPic3.png; sourceTree = "<group>"; };
		6C1DECC6212649C4007FF3AF /* proPic2.png */ = {isa = PBXFileReference; lastKnownFileType = image.png; name = proPic2.png; path = ../Desktop/proPic2.png; sourceTree = "<group>"; };
		6C1DECCF21265943007FF3AF /* instaIcon.png */ = {isa = PBXFileReference; lastKnownFileType = image.png; name = instaIcon.png; path = ../Desktop/instaIcon.png; sourceTree = "<group>"; };
		6C1DECD12126598E007FF3AF /* twitterIcon.png */ = {isa = PBXFileReference; lastKnownFileType = image.png; name = twitterIcon.png; path = ../Desktop/twitterIcon.png; sourceTree = "<group>"; };
		6C1DECD3212659B7007FF3AF /* snapIcon.jpg */ = {isa = PBXFileReference; lastKnownFileType = image.jpeg; name = snapIcon.jpg; path = ../Desktop/snapIcon.jpg; sourceTree = "<group>"; };
/* End PBXFileReference section */

/* Begin PBXFrameworksBuildPhase section */
		59D6F05E212533B500783650 /* Frameworks */ = {
			isa = PBXFrameworksBuildPhase;
			buildActionMask = 2147483647;
			files = (
			);
			runOnlyForDeploymentPostprocessing = 0;
		};
		59D6F072212533BA00783650 /* Frameworks */ = {
			isa = PBXFrameworksBuildPhase;
			buildActionMask = 2147483647;
			files = (
			);
			runOnlyForDeploymentPostprocessing = 0;
		};
		59D6F07D212533BA00783650 /* Frameworks */ = {
			isa = PBXFrameworksBuildPhase;
			buildActionMask = 2147483647;
			files = (
			);
			runOnlyForDeploymentPostprocessing = 0;
		};
/* End PBXFrameworksBuildPhase section */

/* Begin PBXGroup section */
		59D6F058212533B500783650 = {
			isa = PBXGroup;
			children = (
				59D6F063212533B500783650 /* CodeCamp */,
				59D6F078212533BA00783650 /* CodeCampTests */,
				59D6F083212533BA00783650 /* CodeCampUITests */,
				59D6F062212533B500783650 /* Products */,
				59F92D1621265A9300AC01A3 /* profPic3.png */,
				6C1DECC6212649C4007FF3AF /* proPic2.png */,
				6C1DECCF21265943007FF3AF /* instaIcon.png */,
				6C1DECD12126598E007FF3AF /* twitterIcon.png */,
				6C1DECD3212659B7007FF3AF /* snapIcon.jpg */,
				59760EAD21269CE50049704C /* 200px-Button_Icon_White.png */,
				59760EAF21269CEA0049704C /* image-7.png */,
			);
			sourceTree = "<group>";
		};
		59D6F062212533B500783650 /* Products */ = {
			isa = PBXGroup;
			children = (
				59D6F061212533B500783650 /* CodeCamp.app */,
				59D6F075212533BA00783650 /* CodeCampTests.xctest */,
				59D6F080212533BA00783650 /* CodeCampUITests.xctest */,
			);
			name = Products;
			sourceTree = "<group>";
		};
		59D6F063212533B500783650 /* CodeCamp */ = {
			isa = PBXGroup;
			children = (
				59D6F064212533B500783650 /* AppDelegate.swift */,
				59D6F066212533B500783650 /* ViewController.swift */,
				59D6F092212534B300783650 /* page2.swift */,
				59D6F068212533B500783650 /* Main.storyboard */,
				59D6F06D212533BA00783650 /* LaunchScreen.storyboard */,
				59D6F070212533BA00783650 /* Info.plist */,
			);
			path = CodeCamp;
			sourceTree = "<group>";
		};
		59D6F078212533BA00783650 /* CodeCampTests */ = {
			isa = PBXGroup;
			children = (
				59D6F079212533BA00783650 /* CodeCampTests.swift */,
				59D6F07B212533BA00783650 /* Info.plist */,
			);
			path = CodeCampTests;
			sourceTree = "<group>";
		};
		59D6F083212533BA00783650 /* CodeCampUITests */ = {
			isa = PBXGroup;
			children = (
				59D6F084212533BA00783650 /* CodeCampUITests.swift */,
				59D6F086212533BA00783650 /* Info.plist */,
			);
			path = CodeCampUITests;
			sourceTree = "<group>";
		};
/* End PBXGroup section */

/* Begin PBXNativeTarget section */
		59D6F060212533B500783650 /* CodeCamp */ = {
			isa = PBXNativeTarget;
			buildConfigurationList = 59D6F089212533BA00783650 /* Build configuration list for PBXNativeTarget "CodeCamp" */;
			buildPhases = (
				59D6F05D212533B500783650 /* Sources */,
				59D6F05E212533B500783650 /* Frameworks */,
				59D6F05F212533B500783650 /* Resources */,
			);
			buildRules = (
			);
			dependencies = (
			);
			name = CodeCamp;
			productName = CodeCamp;
			productReference = 59D6F061212533B500783650 /* CodeCamp.app */;
			productType = "com.apple.product-type.application";
		};
		59D6F074212533BA00783650 /* CodeCampTests */ = {
			isa = PBXNativeTarget;
			buildConfigurationList = 59D6F08C212533BA00783650 /* Build configuration list for PBXNativeTarget "CodeCampTests" */;
			buildPhases = (
				59D6F071212533BA00783650 /* Sources */,
				59D6F072212533BA00783650 /* Frameworks */,
				59D6F073212533BA00783650 /* Resources */,
			);
			buildRules = (
			);
			dependencies = (
				59D6F077212533BA00783650 /* PBXTargetDependency */,
			);
			name = CodeCampTests;
			productName = CodeCampTests;
			productReference = 59D6F075212533BA00783650 /* CodeCampTests.xctest */;
			productType = "com.apple.product-type.bundle.unit-test";
		};
		59D6F07F212533BA00783650 /* CodeCampUITests */ = {
			isa = PBXNativeTarget;
			buildConfigurationList = 59D6F08F212533BA00783650 /* Build configuration list for PBXNativeTarget "CodeCampUITests" */;
			buildPhases = (
				59D6F07C212533BA00783650 /* Sources */,
				59D6F07D212533BA00783650 /* Frameworks */,
				59D6F07E212533BA00783650 /* Resources */,
			);
			buildRules = (
			);
			dependencies = (
				59D6F082212533BA00783650 /* PBXTargetDependency */,
			);
			name = CodeCampUITests;
			productName = CodeCampUITests;
			productReference = 59D6F080212533BA00783650 /* CodeCampUITests.xctest */;
			productType = "com.apple.product-type.bundle.ui-testing";
		};
/* End PBXNativeTarget section */

/* Begin PBXProject section */
		59D6F059212533B500783650 /* Project object */ = {
			isa = PBXProject;
			attributes = {
				LastSwiftUpdateCheck = 0940;
				LastUpgradeCheck = 0940;
				ORGANIZATIONNAME = square;
				TargetAttributes = {
					59D6F060212533B500783650 = {
						CreatedOnToolsVersion = 9.4.1;
						ProvisioningStyle = Automatic;
					};
					59D6F074212533BA00783650 = {
						CreatedOnToolsVersion = 9.4.1;
						ProvisioningStyle = Automatic;
						TestTargetID = 59D6F060212533B500783650;
					};
					59D6F07F212533BA00783650 = {
						CreatedOnToolsVersion = 9.4.1;
						ProvisioningStyle = Automatic;
						TestTargetID = 59D6F060212533B500783650;
					};
				};
			};
			buildConfigurationList = 59D6F05C212533B500783650 /* Build configuration list for PBXProject "CodeCamp" */;
			compatibilityVersion = "Xcode 8.0";
			developmentRegion = en;
			hasScannedForEncodings = 0;
			knownRegions = (
				en,
				Base,
			);
			mainGroup = 59D6F058212533B500783650;
			productRefGroup = 59D6F062212533B500783650 /* Products */;
			projectDirPath = "";
			projectRoot = "";
			targets = (
				59D6F060212533B500783650 /* CodeCamp */,
				59D6F074212533BA00783650 /* CodeCampTests */,
				59D6F07F212533BA00783650 /* CodeCampUITests */,
			);
		};
/* End PBXProject section */

/* Begin PBXResourcesBuildPhase section */
		59D6F05F212533B500783650 /* Resources */ = {
			isa = PBXResourcesBuildPhase;
			buildActionMask = 2147483647;
			files = (
				6C1DECD4212659B7007FF3AF /* snapIcon.jpg in Resources */,
				59760EAE21269CE50049704C /* 200px-Button_Icon_White.png in Resources */,
				6C1DECD021265943007FF3AF /* instaIcon.png in Resources */,
				59D6F06F212533BA00783650 /* LaunchScreen.storyboard in Resources */,
				59F92D1721265A9300AC01A3 /* profPic3.png in Resources */,
				6C1DECC7212649C4007FF3AF /* proPic2.png in Resources */,
				6C1DECD22126598E007FF3AF /* twitterIcon.png in Resources */,
				59D6F06A212533B500783650 /* Main.storyboard in Resources */,
				59760EB021269CEA0049704C /* image-7.png in Resources */,
			);
			runOnlyForDeploymentPostprocessing = 0;
		};
		59D6F073212533BA00783650 /* Resources */ = {
			isa = PBXResourcesBuildPhase;
			buildActionMask = 2147483647;
			files = (
			);
			runOnlyForDeploymentPostprocessing = 0;
		};
		59D6F07E212533BA00783650 /* Resources */ = {
			isa = PBXResourcesBuildPhase;
			buildActionMask = 2147483647;
			files = (
			);
			runOnlyForDeploymentPostprocessing = 0;
		};
/* End PBXResourcesBuildPhase section */

/* Begin PBXSourcesBuildPhase section */
		59D6F05D212533B500783650 /* Sources */ = {
			isa = PBXSourcesBuildPhase;
			buildActionMask = 2147483647;
			files = (
				59D6F067212533B500783650 /* ViewController.swift in Sources */,
				59D6F065212533B500783650 /* AppDelegate.swift in Sources */,
				59D6F093212534B300783650 /* page2.swift in Sources */,
			);
			runOnlyForDeploymentPostprocessing = 0;
		};
		59D6F071212533BA00783650 /* Sources */ = {
			isa = PBXSourcesBuildPhase;
			buildActionMask = 2147483647;
			files = (
				59D6F07A212533BA00783650 /* CodeCampTests.swift in Sources */,
			);
			runOnlyForDeploymentPostprocessing = 0;
		};
		59D6F07C212533BA00783650 /* Sources */ = {
			isa = PBXSourcesBuildPhase;
			buildActionMask = 2147483647;
			files = (
				59D6F085212533BA00783650 /* CodeCampUITests.swift in Sources */,
			);
			runOnlyForDeploymentPostprocessing = 0;
		};
/* End PBXSourcesBuildPhase section */

/* Begin PBXTargetDependency section */
		59D6F077212533BA00783650 /* PBXTargetDependency */ = {
			isa = PBXTargetDependency;
			target = 59D6F060212533B500783650 /* CodeCamp */;
			targetProxy = 59D6F076212533BA00783650 /* PBXContainerItemProxy */;
		};
		59D6F082212533BA00783650 /* PBXTargetDependency */ = {
			isa = PBXTargetDependency;
			target = 59D6F060212533B500783650 /* CodeCamp */;
			targetProxy = 59D6F081212533BA00783650 /* PBXContainerItemProxy */;
		};
/* End PBXTargetDependency section */

/* Begin PBXVariantGroup section */
		59D6F068212533B500783650 /* Main.storyboard */ = {
			isa = PBXVariantGroup;
			children = (
				59D6F069212533B500783650 /* Base */,
			);
			name = Main.storyboard;
			sourceTree = "<group>";
		};
		59D6F06D212533BA00783650 /* LaunchScreen.storyboard */ = {
			isa = PBXVariantGroup;
			children = (
				59D6F06E212533BA00783650 /* Base */,
			);
			name = LaunchScreen.storyboard;
			sourceTree = "<group>";
		};
/* End PBXVariantGroup section */

/* Begin XCBuildConfiguration section */
		59D6F087212533BA00783650 /* Debug */ = {
			isa = XCBuildConfiguration;
			buildSettings = {
				ALWAYS_SEARCH_USER_PATHS = NO;
				CLANG_ANALYZER_NONNULL = YES;
				CLANG_ANALYZER_NUMBER_OBJECT_CONVERSION = YES_AGGRESSIVE;
				CLANG_CXX_LANGUAGE_STANDARD = "gnu++14";
				CLANG_CXX_LIBRARY = "libc++";
				CLANG_ENABLE_MODULES = YES;
				CLANG_ENABLE_OBJC_ARC = YES;
				CLANG_ENABLE_OBJC_WEAK = YES;
				CLANG_WARN_BLOCK_CAPTURE_AUTORELEASING = YES;
				CLANG_WARN_BOOL_CONVERSION = YES;
				CLANG_WARN_COMMA = YES;
				CLANG_WARN_CONSTANT_CONVERSION = YES;
				CLANG_WARN_DEPRECATED_OBJC_IMPLEMENTATIONS = YES;
				CLANG_WARN_DIRECT_OBJC_ISA_USAGE = YES_ERROR;
				CLANG_WARN_DOCUMENTATION_COMMENTS = YES;
				CLANG_WARN_EMPTY_BODY = YES;
				CLANG_WARN_ENUM_CONVERSION = YES;
				CLANG_WARN_INFINITE_RECURSION = YES;
				CLANG_WARN_INT_CONVERSION = YES;
				CLANG_WARN_NON_LITERAL_NULL_CONVERSION = YES;
				CLANG_WARN_OBJC_IMPLICIT_RETAIN_SELF = YES;
				CLANG_WARN_OBJC_LITERAL_CONVERSION = YES;
				CLANG_WARN_OBJC_ROOT_CLASS = YES_ERROR;
				CLANG_WARN_RANGE_LOOP_ANALYSIS = YES;
				CLANG_WARN_STRICT_PROTOTYPES = YES;
				CLANG_WARN_SUSPICIOUS_MOVE = YES;
				CLANG_WARN_UNGUARDED_AVAILABILITY = YES_AGGRESSIVE;
				CLANG_WARN_UNREACHABLE_CODE = YES;
				CLANG_WARN__DUPLICATE_METHOD_MATCH = YES;
				CODE_SIGN_IDENTITY = "iPhone Developer";
				COPY_PHASE_STRIP = NO;
				DEBUG_INFORMATION_FORMAT = dwarf;
				ENABLE_STRICT_OBJC_MSGSEND = YES;
				ENABLE_TESTABILITY = YES;
				GCC_C_LANGUAGE_STANDARD = gnu11;
				GCC_DYNAMIC_NO_PIC = NO;
				GCC_NO_COMMON_BLOCKS = YES;
				GCC_OPTIMIZATION_LEVEL = 0;
				GCC_PREPROCESSOR_DEFINITIONS = (
					"DEBUG=1",
					"$(inherited)",
				);
				GCC_WARN_64_TO_32_BIT_CONVERSION = YES;
				GCC_WARN_ABOUT_RETURN_TYPE = YES_ERROR;
				GCC_WARN_UNDECLARED_SELECTOR = YES;
				GCC_WARN_UNINITIALIZED_AUTOS = YES_AGGRESSIVE;
				GCC_WARN_UNUSED_FUNCTION = YES;
				GCC_WARN_UNUSED_VARIABLE = YES;
				IPHONEOS_DEPLOYMENT_TARGET = 11.4;
				MTL_ENABLE_DEBUG_INFO = YES;
				ONLY_ACTIVE_ARCH = YES;
				SDKROOT = iphoneos;
				SWIFT_ACTIVE_COMPILATION_CONDITIONS = DEBUG;
				SWIFT_OPTIMIZATION_LEVEL = "-Onone";
			};
			name = Debug;
		};
		59D6F088212533BA00783650 /* Release */ = {
			isa = XCBuildConfiguration;
			buildSettings = {
				ALWAYS_SEARCH_USER_PATHS = NO;
				CLANG_ANALYZER_NONNULL = YES;
				CLANG_ANALYZER_NUMBER_OBJECT_CONVERSION = YES_AGGRESSIVE;
				CLANG_CXX_LANGUAGE_STANDARD = "gnu++14";
				CLANG_CXX_LIBRARY = "libc++";
				CLANG_ENABLE_MODULES = YES;
				CLANG_ENABLE_OBJC_ARC = YES;
				CLANG_ENABLE_OBJC_WEAK = YES;
				CLANG_WARN_BLOCK_CAPTURE_AUTORELEASING = YES;
				CLANG_WARN_BOOL_CONVERSION = YES;
				CLANG_WARN_COMMA = YES;
				CLANG_WARN_CONSTANT_CONVERSION = YES;
				CLANG_WARN_DEPRECATED_OBJC_IMPLEMENTATIONS = YES;
				CLANG_WARN_DIRECT_OBJC_ISA_USAGE = YES_ERROR;
				CLANG_WARN_DOCUMENTATION_COMMENTS = YES;
				CLANG_WARN_EMPTY_BODY = YES;
				CLANG_WARN_ENUM_CONVERSION = YES;
				CLANG_WARN_INFINITE_RECURSION = YES;
				CLANG_WARN_INT_CONVERSION = YES;
				CLANG_WARN_NON_LITERAL_NULL_CONVERSION = YES;
				CLANG_WARN_OBJC_IMPLICIT_RETAIN_SELF = YES;
				CLANG_WARN_OBJC_LITERAL_CONVERSION = YES;
				CLANG_WARN_OBJC_ROOT_CLASS = YES_ERROR;
				CLANG_WARN_RANGE_LOOP_ANALYSIS = YES;
				CLANG_WARN_STRICT_PROTOTYPES = YES;
				CLANG_WARN_SUSPICIOUS_MOVE = YES;
				CLANG_WARN_UNGUARDED_AVAILABILITY = YES_AGGRESSIVE;
				CLANG_WARN_UNREACHABLE_CODE = YES;
				CLANG_WARN__DUPLICATE_METHOD_MATCH = YES;
				CODE_SIGN_IDENTITY = "iPhone Developer";
				COPY_PHASE_STRIP = NO;
				DEBUG_INFORMATION_FORMAT = "dwarf-with-dsym";
				ENABLE_NS_ASSERTIONS = NO;
				ENABLE_STRICT_OBJC_MSGSEND = YES;
				GCC_C_LANGUAGE_STANDARD = gnu11;
				GCC_NO_COMMON_BLOCKS = YES;
				GCC_WARN_64_TO_32_BIT_CONVERSION = YES;
				GCC_WARN_ABOUT_RETURN_TYPE = YES_ERROR;
				GCC_WARN_UNDECLARED_SELECTOR = YES;
				GCC_WARN_UNINITIALIZED_AUTOS = YES_AGGRESSIVE;
				GCC_WARN_UNUSED_FUNCTION = YES;
				GCC_WARN_UNUSED_VARIABLE = YES;
				IPHONEOS_DEPLOYMENT_TARGET = 11.4;
				MTL_ENABLE_DEBUG_INFO = NO;
				SDKROOT = iphoneos;
				SWIFT_OPTIMIZATION_LEVEL = "-Owholemodule";
				VALIDATE_PRODUCT = YES;
			};
			name = Release;
		};
		59D6F08A212533BA00783650 /* Debug */ = {
			isa = XCBuildConfiguration;
			buildSettings = {
				ASSETCATALOG_COMPILER_APPICON_NAME = AppIcon;
				CODE_SIGN_STYLE = Automatic;
				INFOPLIST_FILE = CodeCamp/Info.plist;
				LD_RUNPATH_SEARCH_PATHS = "$(inherited) @executable_path/Frameworks";
				PRODUCT_BUNDLE_IDENTIFIER = square.CodeCamp;
				PRODUCT_NAME = "$(TARGET_NAME)";
				SWIFT_VERSION = 4.0;
				TARGETED_DEVICE_FAMILY = "1,2";
			};
			name = Debug;
		};
		59D6F08B212533BA00783650 /* Release */ = {
			isa = XCBuildConfiguration;
			buildSettings = {
				ASSETCATALOG_COMPILER_APPICON_NAME = AppIcon;
				CODE_SIGN_STYLE = Automatic;
				INFOPLIST_FILE = CodeCamp/Info.plist;
				LD_RUNPATH_SEARCH_PATHS = "$(inherited) @executable_path/Frameworks";
				PRODUCT_BUNDLE_IDENTIFIER = square.CodeCamp;
				PRODUCT_NAME = "$(TARGET_NAME)";
				SWIFT_VERSION = 4.0;
				TARGETED_DEVICE_FAMILY = "1,2";
			};
			name = Release;
		};
		59D6F08D212533BA00783650 /* Debug */ = {
			isa = XCBuildConfiguration;
			buildSettings = {
				ALWAYS_EMBED_SWIFT_STANDARD_LIBRARIES = YES;
				BUNDLE_LOADER = "$(TEST_HOST)";
				CODE_SIGN_STYLE = Automatic;
				INFOPLIST_FILE = CodeCampTests/Info.plist;
				LD_RUNPATH_SEARCH_PATHS = "$(inherited) @executable_path/Frameworks @loader_path/Frameworks";
				PRODUCT_BUNDLE_IDENTIFIER = square.CodeCampTests;
				PRODUCT_NAME = "$(TARGET_NAME)";
				SWIFT_VERSION = 4.0;
				TARGETED_DEVICE_FAMILY = "1,2";
				TEST_HOST = "$(BUILT_PRODUCTS_DIR)/CodeCamp.app/CodeCamp";
			};
			name = Debug;
		};
		59D6F08E212533BA00783650 /* Release */ = {
			isa = XCBuildConfiguration;
			buildSettings = {
				ALWAYS_EMBED_SWIFT_STANDARD_LIBRARIES = YES;
				BUNDLE_LOADER = "$(TEST_HOST)";
				CODE_SIGN_STYLE = Automatic;
				INFOPLIST_FILE = CodeCampTests/Info.plist;
				LD_RUNPATH_SEARCH_PATHS = "$(inherited) @executable_path/Frameworks @loader_path/Frameworks";
				PRODUCT_BUNDLE_IDENTIFIER = square.CodeCampTests;
				PRODUCT_NAME = "$(TARGET_NAME)";
				SWIFT_VERSION = 4.0;
				TARGETED_DEVICE_FAMILY = "1,2";
				TEST_HOST = "$(BUILT_PRODUCTS_DIR)/CodeCamp.app/CodeCamp";
			};
			name = Release;
		};
		59D6F090212533BA00783650 /* Debug */ = {
			isa = XCBuildConfiguration;
			buildSettings = {
				ALWAYS_EMBED_SWIFT_STANDARD_LIBRARIES = YES;
				CODE_SIGN_STYLE = Automatic;
				INFOPLIST_FILE = CodeCampUITests/Info.plist;
				LD_RUNPATH_SEARCH_PATHS = "$(inherited) @executable_path/Frameworks @loader_path/Frameworks";
				PRODUCT_BUNDLE_IDENTIFIER = square.CodeCampUITests;
				PRODUCT_NAME = "$(TARGET_NAME)";
				SWIFT_VERSION = 4.0;
				TARGETED_DEVICE_FAMILY = "1,2";
				TEST_TARGET_NAME = CodeCamp;
			};
			name = Debug;
		};
		59D6F091212533BA00783650 /* Release */ = {
			isa = XCBuildConfiguration;
			buildSettings = {
				ALWAYS_EMBED_SWIFT_STANDARD_LIBRARIES = YES;
				CODE_SIGN_STYLE = Automatic;
				INFOPLIST_FILE = CodeCampUITests/Info.plist;
				LD_RUNPATH_SEARCH_PATHS = "$(inherited) @executable_path/Frameworks @loader_path/Frameworks";
				PRODUCT_BUNDLE_IDENTIFIER = square.CodeCampUITests;
				PRODUCT_NAME = "$(TARGET_NAME)";
				SWIFT_VERSION = 4.0;
				TARGETED_DEVICE_FAMILY = "1,2";
				TEST_TARGET_NAME = CodeCamp;
			};
			name = Release;
		};
/* End XCBuildConfiguration section */

/* Begin XCConfigurationList section */
		59D6F05C212533B500783650 /* Build configuration list for PBXProject "CodeCamp" */ = {
			isa = XCConfigurationList;
			buildConfigurations = (
				59D6F087212533BA00783650 /* Debug */,
				59D6F088212533BA00783650 /* Release */,
			);
			defaultConfigurationIsVisible = 0;
			defaultConfigurationName = Release;
		};
		59D6F089212533BA00783650 /* Build configuration list for PBXNativeTarget "CodeCamp" */ = {
			isa = XCConfigurationList;
			buildConfigurations = (
				59D6F08A212533BA00783650 /* Debug */,
				59D6F08B212533BA00783650 /* Release */,
			);
			defaultConfigurationIsVisible = 0;
			defaultConfigurationName = Release;
		};
		59D6F08C212533BA00783650 /* Build configuration list for PBXNativeTarget "CodeCampTests" */ = {
			isa = XCConfigurationList;
			buildConfigurations = (
				59D6F08D212533BA00783650 /* Debug */,
				59D6F08E212533BA00783650 /* Release */,
			);
			defaultConfigurationIsVisible = 0;
			defaultConfigurationName = Release;
		};
		59D6F08F212533BA00783650 /* Build configuration list for PBXNativeTarget "CodeCampUITests" */ = {
			isa = XCConfigurationList;
			buildConfigurations = (
				59D6F090212533BA00783650 /* Debug */,
				59D6F091212533BA00783650 /* Release */,
			);
			defaultConfigurationIsVisible = 0;
			defaultConfigurationName = Release;
		};
/* End XCConfigurationList section */
	};
	rootObject = 59D6F059212533B500783650 /* Project object */;
}
